
Microsoft Visual Studio Solution File, Format Version 12.00
# Visual Studio Version 17
VisualStudioVersion = 17.3.32901.215
MinimumVisualStudioVersion = 10.0.40219.1
Project("{FAE04EC0-301F-11D3-BF4B-00C04F79EFBC}") = "Практическая 6", "Практическая 6\Практическая 6.csproj", "{DCB31818-77D2-419A-BF73-7C2268D34802}"
EndProject
Global
	GlobalSection(SolutionConfigurationPlatforms) = preSolution
		Debug|Any CPU = Debug|Any CPU
		Release|Any CPU = Release|Any CPU
	EndGlobalSection
	GlobalSection(ProjectConfigurationPlatforms) = postSolution
		{DCB31818-77D2-419A-BF73-7C2268D34802}.Debug|Any CPU.ActiveCfg = Debug|Any CPU
		{DCB31818-77D2-419A-BF73-7C2268D34802}.Debug|Any CPU.Build.0 = Debug|Any CPU
		{DCB31818-77D2-419A-BF73-7C2268D34802}.Release|Any CPU.ActiveCfg = Release|Any CPU
		{DCB31818-77D2-419A-BF73-7C2268D34802}.Release|Any CPU.Build.0 = Release|Any CPU
	EndGlobalSection
	GlobalSection(SolutionProperties) = preSolution
		HideSolutionNode = FALSE
	EndGlobalSection
	GlobalSection(ExtensibilityGlobals) = postSolution
		SolutionGuid = {AB648579-2EDD-4268-AEB8-018D1CED5F12}
	EndGlobalSection
EndGlobal
